
Microsoft Visual Studio Solution File, Format Version 12.00
# Visual Studio Version 17
VisualStudioVersion = 17.14.36202.13
MinimumVisualStudioVersion = 10.0.40219.1
Project("{FAE04EC0-301F-11D3-BF4B-00C04F79EFBC}") = "Atlas.Api", "Atlas.Api\Atlas.Api.csproj", "{42F31B02-E4BA-4033-9961-8A4B30B806DD}"
EndProject
Project("{FAE04EC0-301F-11D3-BF4B-00C04F79EFBC}") = "Atlas.Api.Tests", "Atlas.Api.Tests\Atlas.Api.Tests.csproj", "{7756020C-07C0-4D8F-97DC-72A456C08528}"
EndProject
Global
	GlobalSection(SolutionConfigurationPlatforms) = preSolution
		Debug|Any CPU = Debug|Any CPU
		Release|Any CPU = Release|Any CPU
	EndGlobalSection
	GlobalSection(ProjectConfigurationPlatforms) = postSolution
		{42F31B02-E4BA-4033-9961-8A4B30B806DD}.Debug|Any CPU.ActiveCfg = Debug|Any CPU
		{42F31B02-E4BA-4033-9961-8A4B30B806DD}.Debug|Any CPU.Build.0 = Debug|Any CPU
		{42F31B02-E4BA-4033-9961-8A4B30B806DD}.Release|Any CPU.ActiveCfg = Release|Any CPU
		{42F31B02-E4BA-4033-9961-8A4B30B806DD}.Release|Any CPU.Build.0 = Release|Any CPU
		{7756020C-07C0-4D8F-97DC-72A456C08528}.Debug|Any CPU.ActiveCfg = Debug|Any CPU
		{7756020C-07C0-4D8F-97DC-72A456C08528}.Debug|Any CPU.Build.0 = Debug|Any CPU
		{7756020C-07C0-4D8F-97DC-72A456C08528}.Release|Any CPU.ActiveCfg = Release|Any CPU
		{7756020C-07C0-4D8F-97DC-72A456C08528}.Release|Any CPU.Build.0 = Release|Any CPU
	EndGlobalSection
	GlobalSection(SolutionProperties) = preSolution
		HideSolutionNode = FALSE
	EndGlobalSection
	GlobalSection(ExtensibilityGlobals) = postSolution
		SolutionGuid = {375DE852-7D01-48D8-B374-47DB306398B4}
	EndGlobalSection
EndGlobal
